
Microsoft Visual Studio Solution File, Format Version 12.00
# Visual Studio Version 17
VisualStudioVersion = 17.1.32328.378
MinimumVisualStudioVersion = 10.0.40219.1
Project("{FAE04EC0-301F-11D3-BF4B-00C04F79EFBC}") = "EmployeeRegister_K53_2022", "EmployeeRegister_K53_2022\EmployeeRegister_K53_2022.csproj", "{1EBA485B-70EF-4F6F-99F3-02A89F056025}"
EndProject
Global
	GlobalSection(SolutionConfigurationPlatforms) = preSolution
		Debug|Any CPU = Debug|Any CPU
		Release|Any CPU = Release|Any CPU
	EndGlobalSection
	GlobalSection(ProjectConfigurationPlatforms) = postSolution
		{1EBA485B-70EF-4F6F-99F3-02A89F056025}.Debug|Any CPU.ActiveCfg = Debug|Any CPU
		{1EBA485B-70EF-4F6F-99F3-02A89F056025}.Debug|Any CPU.Build.0 = Debug|Any CPU
		{1EBA485B-70EF-4F6F-99F3-02A89F056025}.Release|Any CPU.ActiveCfg = Release|Any CPU
		{1EBA485B-70EF-4F6F-99F3-02A89F056025}.Release|Any CPU.Build.0 = Release|Any CPU
	EndGlobalSection
	GlobalSection(SolutionProperties) = preSolution
		HideSolutionNode = FALSE
	EndGlobalSection
	GlobalSection(ExtensibilityGlobals) = postSolution
		SolutionGuid = {55F04201-86F3-4A14-BC6C-1D1EAEB74CB2}
	EndGlobalSection
EndGlobal
